
Microsoft Visual Studio Solution File, Format Version 12.00
# Visual Studio 15
VisualStudioVersion = 15.0.27703.2047
MinimumVisualStudioVersion = 10.0.40219.1
Project("{9A19103F-16F7-4668-BE54-9A1E7A4F7556}") = "NetCoreApp", "NetCoreApp\NetCoreApp.csproj", "{C487C4DF-B549-42D2-9EC9-88125B3B10C4}"
EndProject
Project("{FAE04EC0-301F-11D3-BF4B-00C04F79EFBC}") = "NetCoreApp.Infrastructure", "NetCoreApp.Infrastructure\NetCoreApp.Infrastructure.csproj", "{B0A64790-BD6E-4E55-AB68-20672523E995}"
EndProject
Project("{FAE04EC0-301F-11D3-BF4B-00C04F79EFBC}") = "NetCoreApp.Utilities", "NetCoreApp.Utilities\NetCoreApp.Utilities.csproj", "{88FDBDB8-CB12-4D31-98E7-DA010B3FAA00}"
EndProject
Project("{FAE04EC0-301F-11D3-BF4B-00C04F79EFBC}") = "NetCoreApp.Data", "NetCoreApp.Data\NetCoreApp.Data.csproj", "{E38E6178-F667-4502-9CA4-3C6961E96301}"
EndProject
Project("{FAE04EC0-301F-11D3-BF4B-00C04F79EFBC}") = "NetCoreApp.Data.EF", "NetCoreApp.Data.EF\NetCoreApp.Data.EF.csproj", "{2E40ACC5-9DF6-4689-A275-498F9C804083}"
EndProject
Project("{FAE04EC0-301F-11D3-BF4B-00C04F79EFBC}") = "NetCoreApp.Application", "NetCoreApp.Application\NetCoreApp.Application.csproj", "{45C83474-E51C-4D13-9DB9-113CCF971793}"
EndProject
Project("{2150E333-8FDC-42A3-9474-1A3956D46DE8}") = "1-Presentation", "1-Presentation", "{918D9E7A-9563-458D-97BE-F66D5C8788C2}"
EndProject
Project("{2150E333-8FDC-42A3-9474-1A3956D46DE8}") = "2-Application", "2-Application", "{C6260F2B-738E-4702-A624-9B0B28B4E5F4}"
EndProject
Project("{2150E333-8FDC-42A3-9474-1A3956D46DE8}") = "3-Domain", "3-Domain", "{9D4A55B5-B06B-4468-8943-F9A734EDF7D0}"
EndProject
Project("{2150E333-8FDC-42A3-9474-1A3956D46DE8}") = "4-Infrastructure", "4-Infrastructure", "{7F0E9413-1331-475B-9522-6C0DF751FD8E}"
EndProject
Global
	GlobalSection(SolutionConfigurationPlatforms) = preSolution
		Debug|Any CPU = Debug|Any CPU
		Release|Any CPU = Release|Any CPU
	EndGlobalSection
	GlobalSection(ProjectConfigurationPlatforms) = postSolution
		{C487C4DF-B549-42D2-9EC9-88125B3B10C4}.Debug|Any CPU.ActiveCfg = Debug|Any CPU
		{C487C4DF-B549-42D2-9EC9-88125B3B10C4}.Debug|Any CPU.Build.0 = Debug|Any CPU
		{C487C4DF-B549-42D2-9EC9-88125B3B10C4}.Release|Any CPU.ActiveCfg = Release|Any CPU
		{C487C4DF-B549-42D2-9EC9-88125B3B10C4}.Release|Any CPU.Build.0 = Release|Any CPU
		{B0A64790-BD6E-4E55-AB68-20672523E995}.Debug|Any CPU.ActiveCfg = Debug|Any CPU
		{B0A64790-BD6E-4E55-AB68-20672523E995}.Debug|Any CPU.Build.0 = Debug|Any CPU
		{B0A64790-BD6E-4E55-AB68-20672523E995}.Release|Any CPU.ActiveCfg = Release|Any CPU
		{B0A64790-BD6E-4E55-AB68-20672523E995}.Release|Any CPU.Build.0 = Release|Any CPU
		{88FDBDB8-CB12-4D31-98E7-DA010B3FAA00}.Debug|Any CPU.ActiveCfg = Debug|Any CPU
		{88FDBDB8-CB12-4D31-98E7-DA010B3FAA00}.Debug|Any CPU.Build.0 = Debug|Any CPU
		{88FDBDB8-CB12-4D31-98E7-DA010B3FAA00}.Release|Any CPU.ActiveCfg = Release|Any CPU
		{88FDBDB8-CB12-4D31-98E7-DA010B3FAA00}.Release|Any CPU.Build.0 = Release|Any CPU
		{E38E6178-F667-4502-9CA4-3C6961E96301}.Debug|Any CPU.ActiveCfg = Debug|Any CPU
		{E38E6178-F667-4502-9CA4-3C6961E96301}.Debug|Any CPU.Build.0 = Debug|Any CPU
		{E38E6178-F667-4502-9CA4-3C6961E96301}.Release|Any CPU.ActiveCfg = Release|Any CPU
		{E38E6178-F667-4502-9CA4-3C6961E96301}.Release|Any CPU.Build.0 = Release|Any CPU
		{2E40ACC5-9DF6-4689-A275-498F9C804083}.Debug|Any CPU.ActiveCfg = Debug|Any CPU
		{2E40ACC5-9DF6-4689-A275-498F9C804083}.Debug|Any CPU.Build.0 = Debug|Any CPU
		{2E40ACC5-9DF6-4689-A275-498F9C804083}.Release|Any CPU.ActiveCfg = Release|Any CPU
		{2E40ACC5-9DF6-4689-A275-498F9C804083}.Release|Any CPU.Build.0 = Release|Any CPU
		{45C83474-E51C-4D13-9DB9-113CCF971793}.Debug|Any CPU.ActiveCfg = Debug|Any CPU
		{45C83474-E51C-4D13-9DB9-113CCF971793}.Debug|Any CPU.Build.0 = Debug|Any CPU
		{45C83474-E51C-4D13-9DB9-113CCF971793}.Release|Any CPU.ActiveCfg = Release|Any CPU
		{45C83474-E51C-4D13-9DB9-113CCF971793}.Release|Any CPU.Build.0 = Release|Any CPU
		{3E3B0ED1-8AFE-4AC0-8185-9ED378C57098}.Debug|Any CPU.ActiveCfg = Debug|Any CPU
		{3E3B0ED1-8AFE-4AC0-8185-9ED378C57098}.Debug|Any CPU.Build.0 = Debug|Any CPU
		{3E3B0ED1-8AFE-4AC0-8185-9ED378C57098}.Release|Any CPU.ActiveCfg = Release|Any CPU
		{3E3B0ED1-8AFE-4AC0-8185-9ED378C57098}.Release|Any CPU.Build.0 = Release|Any CPU
	EndGlobalSection
	GlobalSection(SolutionProperties) = preSolution
		HideSolutionNode = FALSE
	EndGlobalSection
	GlobalSection(NestedProjects) = preSolution
		{C487C4DF-B549-42D2-9EC9-88125B3B10C4} = {918D9E7A-9563-458D-97BE-F66D5C8788C2}
		{B0A64790-BD6E-4E55-AB68-20672523E995} = {7F0E9413-1331-475B-9522-6C0DF751FD8E}
		{88FDBDB8-CB12-4D31-98E7-DA010B3FAA00} = {7F0E9413-1331-475B-9522-6C0DF751FD8E}
		{E38E6178-F667-4502-9CA4-3C6961E96301} = {9D4A55B5-B06B-4468-8943-F9A734EDF7D0}
		{2E40ACC5-9DF6-4689-A275-498F9C804083} = {9D4A55B5-B06B-4468-8943-F9A734EDF7D0}
		{45C83474-E51C-4D13-9DB9-113CCF971793} = {C6260F2B-738E-4702-A624-9B0B28B4E5F4}
	EndGlobalSection
	GlobalSection(ExtensibilityGlobals) = postSolution
		SolutionGuid = {A3A785A3-87F6-4097-9F70-48B24E6DEE96}
	EndGlobalSection
EndGlobal
